
Microsoft Visual Studio Solution File, Format Version 12.00
# Visual Studio Version 17
VisualStudioVersion = 17.9.34723.18
MinimumVisualStudioVersion = 10.0.40219.1
Project("{FAE04EC0-301F-11D3-BF4B-00C04F79EFBC}") = "TaskManagementService", "TaskManagementService\TaskManagementService.csproj", "{04A40794-A462-4CDC-8781-7540D5D80086}"
EndProject
Project("{FAE04EC0-301F-11D3-BF4B-00C04F79EFBC}") = "ControllersTest", "ControllersTest\ControllersTest.csproj", "{7942FC11-41E4-4EC3-8F78-DD74AB770879}"
EndProject
Global
	GlobalSection(SolutionConfigurationPlatforms) = preSolution
		Debug|Any CPU = Debug|Any CPU
		Release|Any CPU = Release|Any CPU
	EndGlobalSection
	GlobalSection(ProjectConfigurationPlatforms) = postSolution
		{04A40794-A462-4CDC-8781-7540D5D80086}.Debug|Any CPU.ActiveCfg = Debug|Any CPU
		{04A40794-A462-4CDC-8781-7540D5D80086}.Debug|Any CPU.Build.0 = Debug|Any CPU
		{04A40794-A462-4CDC-8781-7540D5D80086}.Release|Any CPU.ActiveCfg = Release|Any CPU
		{04A40794-A462-4CDC-8781-7540D5D80086}.Release|Any CPU.Build.0 = Release|Any CPU
		{7942FC11-41E4-4EC3-8F78-DD74AB770879}.Debug|Any CPU.ActiveCfg = Debug|Any CPU
		{7942FC11-41E4-4EC3-8F78-DD74AB770879}.Debug|Any CPU.Build.0 = Debug|Any CPU
		{7942FC11-41E4-4EC3-8F78-DD74AB770879}.Release|Any CPU.ActiveCfg = Release|Any CPU
		{7942FC11-41E4-4EC3-8F78-DD74AB770879}.Release|Any CPU.Build.0 = Release|Any CPU
	EndGlobalSection
	GlobalSection(SolutionProperties) = preSolution
		HideSolutionNode = FALSE
	EndGlobalSection
	GlobalSection(ExtensibilityGlobals) = postSolution
		SolutionGuid = {D36499AA-F6EC-49E8-A9B2-89773C564EFA}
	EndGlobalSection
EndGlobal
